
Microsoft Visual Studio Solution File, Format Version 12.00
# Visual Studio Version 17
VisualStudioVersion = 17.12.35707.178
MinimumVisualStudioVersion = 10.0.40219.1
Project("{FAE04EC0-301F-11D3-BF4B-00C04F79EFBC}") = "ExerciseWeb", "ExerciseWeb\ExerciseWeb.csproj", "{DC863894-500D-4FD2-8D14-1B1A14C6E40D}"
EndProject
Project("{FAE04EC0-301F-11D3-BF4B-00C04F79EFBC}") = "Exercise.DataAccess", "Exercise.DataAccess\Exercise.DataAccess.csproj", "{FD163AAC-8149-494A-BD32-8B683160DFE4}"
EndProject
Project("{FAE04EC0-301F-11D3-BF4B-00C04F79EFBC}") = "Exercise.Models", "Exercise.Models\Exercise.Models.csproj", "{3268639F-02D0-47DB-B324-9F13028B2452}"
EndProject
Project("{FAE04EC0-301F-11D3-BF4B-00C04F79EFBC}") = "Exercise.Utilities", "Exercise.Utilities\Exercise.Utilities.csproj", "{B89B5567-7260-4EDD-9065-5BA3144F0EFC}"
EndProject
Global
	GlobalSection(SolutionConfigurationPlatforms) = preSolution
		Debug|Any CPU = Debug|Any CPU
		Release|Any CPU = Release|Any CPU
	EndGlobalSection
	GlobalSection(ProjectConfigurationPlatforms) = postSolution
		{DC863894-500D-4FD2-8D14-1B1A14C6E40D}.Debug|Any CPU.ActiveCfg = Debug|Any CPU
		{DC863894-500D-4FD2-8D14-1B1A14C6E40D}.Debug|Any CPU.Build.0 = Debug|Any CPU
		{DC863894-500D-4FD2-8D14-1B1A14C6E40D}.Release|Any CPU.ActiveCfg = Release|Any CPU
		{DC863894-500D-4FD2-8D14-1B1A14C6E40D}.Release|Any CPU.Build.0 = Release|Any CPU
		{FD163AAC-8149-494A-BD32-8B683160DFE4}.Debug|Any CPU.ActiveCfg = Debug|Any CPU
		{FD163AAC-8149-494A-BD32-8B683160DFE4}.Debug|Any CPU.Build.0 = Debug|Any CPU
		{FD163AAC-8149-494A-BD32-8B683160DFE4}.Release|Any CPU.ActiveCfg = Release|Any CPU
		{FD163AAC-8149-494A-BD32-8B683160DFE4}.Release|Any CPU.Build.0 = Release|Any CPU
		{3268639F-02D0-47DB-B324-9F13028B2452}.Debug|Any CPU.ActiveCfg = Debug|Any CPU
		{3268639F-02D0-47DB-B324-9F13028B2452}.Debug|Any CPU.Build.0 = Debug|Any CPU
		{3268639F-02D0-47DB-B324-9F13028B2452}.Release|Any CPU.ActiveCfg = Release|Any CPU
		{3268639F-02D0-47DB-B324-9F13028B2452}.Release|Any CPU.Build.0 = Release|Any CPU
		{B89B5567-7260-4EDD-9065-5BA3144F0EFC}.Debug|Any CPU.ActiveCfg = Debug|Any CPU
		{B89B5567-7260-4EDD-9065-5BA3144F0EFC}.Debug|Any CPU.Build.0 = Debug|Any CPU
		{B89B5567-7260-4EDD-9065-5BA3144F0EFC}.Release|Any CPU.ActiveCfg = Release|Any CPU
		{B89B5567-7260-4EDD-9065-5BA3144F0EFC}.Release|Any CPU.Build.0 = Release|Any CPU
	EndGlobalSection
	GlobalSection(SolutionProperties) = preSolution
		HideSolutionNode = FALSE
	EndGlobalSection
EndGlobal
